
Microsoft Visual Studio Solution File, Format Version 12.00
# Visual Studio Version 16
VisualStudioVersion = 16.0.30804.86
MinimumVisualStudioVersion = 10.0.40219.1
Project("{FAE04EC0-301F-11D3-BF4B-00C04F79EFBC}") = "partycli", "partycli\partycli.csproj", "{5DC1806A-5A9F-4D8A-8317-50FCCD5A8DD6}"
EndProject
Project("{FAE04EC0-301F-11D3-BF4B-00C04F79EFBC}") = "partycli_UnitTests", "partycli_UnitTests\partycli_UnitTests.csproj", "{C3484CE8-E15C-4565-A585-4D77439574BD}"
EndProject
Global
	GlobalSection(SolutionConfigurationPlatforms) = preSolution
		Debug|Any CPU = Debug|Any CPU
		Release|Any CPU = Release|Any CPU
	EndGlobalSection
	GlobalSection(ProjectConfigurationPlatforms) = postSolution
		{5DC1806A-5A9F-4D8A-8317-50FCCD5A8DD6}.Debug|Any CPU.ActiveCfg = Debug|Any CPU
		{5DC1806A-5A9F-4D8A-8317-50FCCD5A8DD6}.Debug|Any CPU.Build.0 = Debug|Any CPU
		{5DC1806A-5A9F-4D8A-8317-50FCCD5A8DD6}.Release|Any CPU.ActiveCfg = Release|Any CPU
		{5DC1806A-5A9F-4D8A-8317-50FCCD5A8DD6}.Release|Any CPU.Build.0 = Release|Any CPU
		{C3484CE8-E15C-4565-A585-4D77439574BD}.Debug|Any CPU.ActiveCfg = Debug|Any CPU
		{C3484CE8-E15C-4565-A585-4D77439574BD}.Debug|Any CPU.Build.0 = Debug|Any CPU
		{C3484CE8-E15C-4565-A585-4D77439574BD}.Release|Any CPU.ActiveCfg = Release|Any CPU
		{C3484CE8-E15C-4565-A585-4D77439574BD}.Release|Any CPU.Build.0 = Release|Any CPU
	EndGlobalSection
	GlobalSection(SolutionProperties) = preSolution
		HideSolutionNode = FALSE
	EndGlobalSection
	GlobalSection(ExtensibilityGlobals) = postSolution
		SolutionGuid = {4DFF35C6-3E8E-41A2-9046-4694649ABCC5}
	EndGlobalSection
EndGlobal
